
Microsoft Visual Studio Solution File, Format Version 12.00
# Visual Studio Version 17
VisualStudioVersion = 17.1.32421.90
MinimumVisualStudioVersion = 10.0.40219.1
Project("{8BC9CEB8-8B4A-11D0-8D11-00A0C91BC942}") = "testknou", "testknou\testknou.vcxproj", "{48A9E0D6-3BC4-4B2D-85D5-71BAADF9162C}"
EndProject
Global
	GlobalSection(SolutionConfigurationPlatforms) = preSolution
		Debug|x64 = Debug|x64
		Debug|x86 = Debug|x86
		Release|x64 = Release|x64
		Release|x86 = Release|x86
	EndGlobalSection
	GlobalSection(ProjectConfigurationPlatforms) = postSolution
		{48A9E0D6-3BC4-4B2D-85D5-71BAADF9162C}.Debug|x64.ActiveCfg = Debug|x64
		{48A9E0D6-3BC4-4B2D-85D5-71BAADF9162C}.Debug|x64.Build.0 = Debug|x64
		{48A9E0D6-3BC4-4B2D-85D5-71BAADF9162C}.Debug|x86.ActiveCfg = Debug|Win32
		{48A9E0D6-3BC4-4B2D-85D5-71BAADF9162C}.Debug|x86.Build.0 = Debug|Win32
		{48A9E0D6-3BC4-4B2D-85D5-71BAADF9162C}.Release|x64.ActiveCfg = Release|x64
		{48A9E0D6-3BC4-4B2D-85D5-71BAADF9162C}.Release|x64.Build.0 = Release|x64
		{48A9E0D6-3BC4-4B2D-85D5-71BAADF9162C}.Release|x86.ActiveCfg = Release|Win32
		{48A9E0D6-3BC4-4B2D-85D5-71BAADF9162C}.Release|x86.Build.0 = Release|Win32
	EndGlobalSection
	GlobalSection(SolutionProperties) = preSolution
		HideSolutionNode = FALSE
	EndGlobalSection
	GlobalSection(ExtensibilityGlobals) = postSolution
		SolutionGuid = {08CD217B-0C42-48B5-ABF6-D0717E7687F3}
	EndGlobalSection
EndGlobal
