
Microsoft Visual Studio Solution File, Format Version 12.00
# Visual Studio Version 16
VisualStudioVersion = 16.0.28527.54
MinimumVisualStudioVersion = 10.0.40219.1
Project("{8BC9CEB8-8B4A-11D0-8D11-00A0C91BC942}") = "HakSa", "HakSa.vcxproj", "{81C028CC-2D05-4899-9987-1B565C1A403C}"
EndProject
Global
	GlobalSection(SolutionConfigurationPlatforms) = preSolution
		Debug|x86 = Debug|x86
		Release|x86 = Release|x86
	EndGlobalSection
	GlobalSection(ProjectConfigurationPlatforms) = postSolution
		{81C028CC-2D05-4899-9987-1B565C1A403C}.Debug|x86.ActiveCfg = Debug|Win32
		{81C028CC-2D05-4899-9987-1B565C1A403C}.Debug|x86.Build.0 = Debug|Win32
		{81C028CC-2D05-4899-9987-1B565C1A403C}.Release|x86.ActiveCfg = Release|Win32
		{81C028CC-2D05-4899-9987-1B565C1A403C}.Release|x86.Build.0 = Release|Win32
	EndGlobalSection
	GlobalSection(SolutionProperties) = preSolution
		HideSolutionNode = FALSE
	EndGlobalSection
	GlobalSection(ExtensibilityGlobals) = postSolution
		SolutionGuid = {DA30404D-2B46-4793-AC95-6E63841047AD}
	EndGlobalSection
EndGlobal
